{
    "scheme-version": "1",
    "plans": {
        "0": {
            "type": "voluntary",
            "conditions": {},
            "payments": {
                "shares": {
                    "dennisreimann": 100
                }
            }
        }
    },
    "payees": {
        "dennisreimann": {
            "url": "github.com/dennisreimann",
            "unique-id": "336909b6-1d8c-4434-b1ba-985b8f74f3fb",
            "payment-methods": {
                "btc-lightning": {
                    "keysend": null,
                    "lnurl": "LNURL1DP68GURN8GHJ7AMPD3KX2AR0VEEKZAR0WD5XJTNRDAKJ7TNHV4KXCTTTDEHHWM30D3H82UNVWQHKXUN0WAJX2ER9V9E8G6PN8QSKVTEZ"
                }
            }
        }
    }
}