# THIS IS AN AUTOGENERATED FILE. DO NOT EDIT THIS FILE DIRECTLY.
# yarn lockfile v1


acorn-globals@^3.0.0:
  version "3.1.0"
  resolved "https://registry.yarnpkg.com/acorn-globals/-/acorn-globals-3.1.0.tgz#fd8270f71fbb4996b004fa880ee5d46573a731bf"
  dependencies:
    acorn "^4.0.4"

acorn@^3.1.0, acorn@~3.3.0:
  version "3.3.0"
  resolved "https://registry.yarnpkg.com/acorn/-/acorn-3.3.0.tgz#45e37fb39e8da3f25baee3ff5369e2bb5f22017a"

acorn@^4.0.4, acorn@~4.0.2:
  version "4.0.11"
  resolved "https://registry.yarnpkg.com/acorn/-/acorn-4.0.11.tgz#edcda3bd937e7556410d42ed5860f67399c794c0"

align-text@^0.1.1, align-text@^0.1.3:
  version "0.1.4"
  resolved "https://registry.yarnpkg.com/align-text/-/align-text-0.1.4.tgz#0cd90a561093f35d0a99256c22b7069433fad117"
  dependencies:
    kind-of "^3.0.2"
    longest "^1.0.1"
    repeat-string "^1.5.2"

amdefine@>=0.0.4:
  version "1.0.1"
  resolved "https://registry.yarnpkg.com/amdefine/-/amdefine-1.0.1.tgz#4a5282ac164729e93619bcfd3ad151f817ce91f5"

asap@~2.0.3:
  version "2.0.5"
  resolved "https://registry.yarnpkg.com/asap/-/asap-2.0.5.tgz#522765b50c3510490e52d7dcfe085ef9ba96958f"

async@~0.2.6:
  version "0.2.10"
  resolved "https://registry.yarnpkg.com/async/-/async-0.2.10.tgz#b6bbe0b0674b9d719708ca38de8c237cb526c3d1"

camelcase@^1.0.2:
  version "1.2.1"
  resolved "https://registry.yarnpkg.com/camelcase/-/camelcase-1.2.1.tgz#9bb5304d2e0b56698b2c758b08a3eaa9daa58a39"

center-align@^0.1.1:
  version "0.1.3"
  resolved "https://registry.yarnpkg.com/center-align/-/center-align-0.1.3.tgz#aa0d32629b6ee972200411cbd4461c907bc2b7ad"
  dependencies:
    align-text "^0.1.3"
    lazy-cache "^1.0.3"

character-parser@^2.1.1:
  version "2.2.0"
  resolved "https://registry.yarnpkg.com/character-parser/-/character-parser-2.2.0.tgz#c7ce28f36d4bcd9744e5ffc2c5fcde1c73261fc0"
  dependencies:
    is-regex "^1.0.3"

clean-css@^3.3.0:
  version "3.4.24"
  resolved "https://registry.yarnpkg.com/clean-css/-/clean-css-3.4.24.tgz#89f5a5e9da37ae02394fe049a41388abbe72c3b5"
  dependencies:
    commander "2.8.x"
    source-map "0.4.x"

cliui@^2.1.0:
  version "2.1.0"
  resolved "https://registry.yarnpkg.com/cliui/-/cliui-2.1.0.tgz#4b475760ff80264c762c3a1719032e91c7fea0d1"
  dependencies:
    center-align "^0.1.1"
    right-align "^0.1.1"
    wordwrap "0.0.2"

commander@2.8.x:
  version "2.8.1"
  resolved "https://registry.yarnpkg.com/commander/-/commander-2.8.1.tgz#06be367febfda0c330aa1e2a072d3dc9762425d4"
  dependencies:
    graceful-readlink ">= 1.0.0"

constantinople@^3.0.1:
  version "3.1.0"
  resolved "https://registry.yarnpkg.com/constantinople/-/constantinople-3.1.0.tgz#7569caa8aa3f8d5935d62e1fa96f9f702cd81c79"
  dependencies:
    acorn "^3.1.0"
    is-expression "^2.0.1"

decamelize@^1.0.0:
  version "1.2.0"
  resolved "https://registry.yarnpkg.com/decamelize/-/decamelize-1.2.0.tgz#f6534d15148269b20352e7bee26f501f9a191290"

doctypes@^1.1.0:
  version "1.1.0"
  resolved "https://registry.yarnpkg.com/doctypes/-/doctypes-1.1.0.tgz#ea80b106a87538774e8a3a4a5afe293de489e0a9"

"graceful-readlink@>= 1.0.0":
  version "1.0.1"
  resolved "https://registry.yarnpkg.com/graceful-readlink/-/graceful-readlink-1.0.1.tgz#4cafad76bc62f02fa039b2f94e9a3dd3a391a725"

is-buffer@^1.0.2:
  version "1.1.4"
  resolved "https://registry.yarnpkg.com/is-buffer/-/is-buffer-1.1.4.tgz#cfc86ccd5dc5a52fa80489111c6920c457e2d98b"

is-expression@^2.0.1:
  version "2.1.0"
  resolved "https://registry.yarnpkg.com/is-expression/-/is-expression-2.1.0.tgz#91be9d47debcfef077977e9722be6dcfb4465ef0"
  dependencies:
    acorn "~3.3.0"
    object-assign "^4.0.1"

is-expression@^3.0.0:
  version "3.0.0"
  resolved "https://registry.yarnpkg.com/is-expression/-/is-expression-3.0.0.tgz#39acaa6be7fd1f3471dc42c7416e61c24317ac9f"
  dependencies:
    acorn "~4.0.2"
    object-assign "^4.0.1"

is-promise@^2.0.0:
  version "2.1.0"
  resolved "https://registry.yarnpkg.com/is-promise/-/is-promise-2.1.0.tgz#79a2a9ece7f096e80f36d2b2f3bc16c1ff4bf3fa"

is-regex@^1.0.3:
  version "1.0.3"
  resolved "https://registry.yarnpkg.com/is-regex/-/is-regex-1.0.3.tgz#0d55182bddf9f2fde278220aec3a75642c908637"

js-stringify@^1.0.1:
  version "1.0.2"
  resolved "https://registry.yarnpkg.com/js-stringify/-/js-stringify-1.0.2.tgz#1736fddfd9724f28a3682adc6230ae7e4e9679db"

jstransformer@1.0.0:
  version "1.0.0"
  resolved "https://registry.yarnpkg.com/jstransformer/-/jstransformer-1.0.0.tgz#ed8bf0921e2f3f1ed4d5c1a44f68709ed24722c3"
  dependencies:
    is-promise "^2.0.0"
    promise "^7.0.1"

kind-of@^3.0.2:
  version "3.1.0"
  resolved "https://registry.yarnpkg.com/kind-of/-/kind-of-3.1.0.tgz#475d698a5e49ff5e53d14e3e732429dc8bf4cf47"
  dependencies:
    is-buffer "^1.0.2"

lazy-cache@^1.0.3:
  version "1.0.4"
  resolved "https://registry.yarnpkg.com/lazy-cache/-/lazy-cache-1.0.4.tgz#a1d78fc3a50474cb80845d3b3b6e1da49a446e8e"

longest@^1.0.1:
  version "1.0.1"
  resolved "https://registry.yarnpkg.com/longest/-/longest-1.0.1.tgz#30a0b2da38f73770e8294a0d22e6625ed77d0097"

object-assign@^4.0.1, object-assign@^4.1.0:
  version "4.1.1"
  resolved "https://registry.yarnpkg.com/object-assign/-/object-assign-4.1.1.tgz#2109adc7965887cfc05cbbd442cac8bfbb360863"

promise@^7.0.1:
  version "7.1.1"
  resolved "https://registry.yarnpkg.com/promise/-/promise-7.1.1.tgz#489654c692616b8aa55b0724fa809bb7db49c5bf"
  dependencies:
    asap "~2.0.3"

pug-attrs@^2.0.2:
  version "2.0.2"
  resolved "https://registry.yarnpkg.com/pug-attrs/-/pug-attrs-2.0.2.tgz#8be2b2225568ffa75d1b866982bff9f4111affcb"
  dependencies:
    constantinople "^3.0.1"
    js-stringify "^1.0.1"
    pug-runtime "^2.0.3"

pug-code-gen@^1.1.1:
  version "1.1.1"
  resolved "https://registry.yarnpkg.com/pug-code-gen/-/pug-code-gen-1.1.1.tgz#1cf72744ef2a039eae6a3340caaa1105871258e8"
  dependencies:
    constantinople "^3.0.1"
    doctypes "^1.1.0"
    js-stringify "^1.0.1"
    pug-attrs "^2.0.2"
    pug-error "^1.3.2"
    pug-runtime "^2.0.3"
    void-elements "^2.0.1"
    with "^5.0.0"

pug-error@^1.3.2:
  version "1.3.2"
  resolved "https://registry.yarnpkg.com/pug-error/-/pug-error-1.3.2.tgz#53ae7d9d29bb03cf564493a026109f54c47f5f26"

pug-filters@^2.1.4:
  version "2.1.4"
  resolved "https://registry.yarnpkg.com/pug-filters/-/pug-filters-2.1.4.tgz#ab247c0f58765414b61be7b54fe979e9f6fc898f"
  dependencies:
    clean-css "^3.3.0"
    constantinople "^3.0.1"
    jstransformer "1.0.0"
    pug-error "^1.3.2"
    pug-walk "^1.1.4"
    resolve "^1.1.6"
    uglify-js "^2.6.1"

pug-lexer@^3.1.0:
  version "3.1.0"
  resolved "https://registry.yarnpkg.com/pug-lexer/-/pug-lexer-3.1.0.tgz#fd087376d4a675b4f59f8fef422883434e9581a2"
  dependencies:
    character-parser "^2.1.1"
    is-expression "^3.0.0"
    pug-error "^1.3.2"

pug-linker@^3.0.2:
  version "3.0.2"
  resolved "https://registry.yarnpkg.com/pug-linker/-/pug-linker-3.0.2.tgz#cc0780cf9f3f5522b270871785492b99588d3142"
  dependencies:
    pug-error "^1.3.2"
    pug-walk "^1.1.4"

pug-load@^2.0.8:
  version "2.0.8"
  resolved "https://registry.yarnpkg.com/pug-load/-/pug-load-2.0.8.tgz#1df1c1716f3e68c70d71699cff9458472dc38b9b"
  dependencies:
    object-assign "^4.1.0"
    pug-walk "^1.1.4"

pug-parser@^3.0.1:
  version "3.0.1"
  resolved "https://registry.yarnpkg.com/pug-parser/-/pug-parser-3.0.1.tgz#dc0c5dd6c9c2d89da6105abbdf3d1b0fb4d39b5e"
  dependencies:
    pug-error "^1.3.2"
    token-stream "0.0.1"

pug-runtime@^2.0.3:
  version "2.0.3"
  resolved "https://registry.yarnpkg.com/pug-runtime/-/pug-runtime-2.0.3.tgz#98162607b0fce9e254d427f33987a5aee7168bda"

pug-strip-comments@^1.0.2:
  version "1.0.2"
  resolved "https://registry.yarnpkg.com/pug-strip-comments/-/pug-strip-comments-1.0.2.tgz#d313afa01bcc374980e1399e23ebf2eb9bdc8513"
  dependencies:
    pug-error "^1.3.2"

pug-walk@^1.1.4:
  version "1.1.4"
  resolved "https://registry.yarnpkg.com/pug-walk/-/pug-walk-1.1.4.tgz#29e5174af43b67e99c31b448632e1ff86ddd671c"

pug@^2.0.0-rc.3:
  version "2.0.0-rc.3"
  resolved "https://registry.yarnpkg.com/pug/-/pug-2.0.0-rc.3.tgz#553cb3c3a97bb54ec3cb1e08591dcae3b6f58891"
  dependencies:
    pug-code-gen "^1.1.1"
    pug-filters "^2.1.4"
    pug-lexer "^3.1.0"
    pug-linker "^3.0.2"
    pug-load "^2.0.8"
    pug-parser "^3.0.1"
    pug-runtime "^2.0.3"
    pug-strip-comments "^1.0.2"

repeat-string@^1.5.2:
  version "1.6.1"
  resolved "https://registry.yarnpkg.com/repeat-string/-/repeat-string-1.6.1.tgz#8dcae470e1c88abc2d600fff4a776286da75e637"

resolve@^1.1.6:
  version "1.2.0"
  resolved "https://registry.yarnpkg.com/resolve/-/resolve-1.2.0.tgz#9589c3f2f6149d1417a40becc1663db6ec6bc26c"

right-align@^0.1.1:
  version "0.1.3"
  resolved "https://registry.yarnpkg.com/right-align/-/right-align-0.1.3.tgz#61339b722fe6a3515689210d24e14c96148613ef"
  dependencies:
    align-text "^0.1.1"

source-map@0.4.x:
  version "0.4.4"
  resolved "https://registry.yarnpkg.com/source-map/-/source-map-0.4.4.tgz#eba4f5da9c0dc999de68032d8b4f76173652036b"
  dependencies:
    amdefine ">=0.0.4"

source-map@~0.5.1:
  version "0.5.6"
  resolved "https://registry.yarnpkg.com/source-map/-/source-map-0.5.6.tgz#75ce38f52bf0733c5a7f0c118d81334a2bb5f412"

token-stream@0.0.1:
  version "0.0.1"
  resolved "https://registry.yarnpkg.com/token-stream/-/token-stream-0.0.1.tgz#ceeefc717a76c4316f126d0b9dbaa55d7e7df01a"

uglify-js@^2.6.1:
  version "2.7.5"
  resolved "https://registry.yarnpkg.com/uglify-js/-/uglify-js-2.7.5.tgz#4612c0c7baaee2ba7c487de4904ae122079f2ca8"
  dependencies:
    async "~0.2.6"
    source-map "~0.5.1"
    uglify-to-browserify "~1.0.0"
    yargs "~3.10.0"

uglify-to-browserify@~1.0.0:
  version "1.0.2"
  resolved "https://registry.yarnpkg.com/uglify-to-browserify/-/uglify-to-browserify-1.0.2.tgz#6e0924d6bda6b5afe349e39a6d632850a0f882b7"

void-elements@^2.0.1:
  version "2.0.1"
  resolved "https://registry.yarnpkg.com/void-elements/-/void-elements-2.0.1.tgz#c066afb582bb1cb4128d60ea92392e94d5e9dbec"

window-size@0.1.0:
  version "0.1.0"
  resolved "https://registry.yarnpkg.com/window-size/-/window-size-0.1.0.tgz#5438cd2ea93b202efa3a19fe8887aee7c94f9c9d"

with@^5.0.0:
  version "5.1.1"
  resolved "https://registry.yarnpkg.com/with/-/with-5.1.1.tgz#fa4daa92daf32c4ea94ed453c81f04686b575dfe"
  dependencies:
    acorn "^3.1.0"
    acorn-globals "^3.0.0"

wordwrap@0.0.2:
  version "0.0.2"
  resolved "https://registry.yarnpkg.com/wordwrap/-/wordwrap-0.0.2.tgz#b79669bb42ecb409f83d583cad52ca17eaa1643f"

yargs@~3.10.0:
  version "3.10.0"
  resolved "https://registry.yarnpkg.com/yargs/-/yargs-3.10.0.tgz#f7ee7bd857dd7c1d2d38c0e74efbd681d1431fd1"
  dependencies:
    camelcase "^1.0.2"
    cliui "^2.1.0"
    decamelize "^1.0.0"
    window-size "0.1.0"
